
Microsoft Visual Studio Solution File, Format Version 12.00
# Visual Studio 15
Project("{FAE04EC0-301F-11D3-BF4B-00C04F79EFBC}") = "Assembly-CSharp", "Assembly-CSharp.csproj", "{2D9C4EEE-324F-6686-D1EE-F3AE59DED300}"
EndProject
Project("{FAE04EC0-301F-11D3-BF4B-00C04F79EFBC}") = "Assembly-CSharp-Editor", "Assembly-CSharp-Editor.csproj", "{4C1C9C1C-3BB5-4A37-6243-54FE5F59C89B}"
EndProject
Global
	GlobalSection(SolutionConfigurationPlatforms) = preSolution
		Debug|Any CPU = Debug|Any CPU
		Release|Any CPU = Release|Any CPU
	EndGlobalSection
	GlobalSection(ProjectConfigurationPlatforms) = postSolution
		{2D9C4EEE-324F-6686-D1EE-F3AE59DED300}.Debug|Any CPU.ActiveCfg = Debug|Any CPU
		{2D9C4EEE-324F-6686-D1EE-F3AE59DED300}.Debug|Any CPU.Build.0 = Debug|Any CPU
		{2D9C4EEE-324F-6686-D1EE-F3AE59DED300}.Release|Any CPU.ActiveCfg = Release|Any CPU
		{2D9C4EEE-324F-6686-D1EE-F3AE59DED300}.Release|Any CPU.Build.0 = Release|Any CPU
		{4C1C9C1C-3BB5-4A37-6243-54FE5F59C89B}.Debug|Any CPU.ActiveCfg = Debug|Any CPU
		{4C1C9C1C-3BB5-4A37-6243-54FE5F59C89B}.Debug|Any CPU.Build.0 = Debug|Any CPU
		{4C1C9C1C-3BB5-4A37-6243-54FE5F59C89B}.Release|Any CPU.ActiveCfg = Release|Any CPU
		{4C1C9C1C-3BB5-4A37-6243-54FE5F59C89B}.Release|Any CPU.Build.0 = Release|Any CPU
	EndGlobalSection
	GlobalSection(SolutionProperties) = preSolution
		HideSolutionNode = FALSE
	EndGlobalSection
EndGlobal
